{
  "name": "My-Music-Mix",
  "lockfileVersion": 2,
  "requires": true,
  "packages": {
    "": {
      "dependencies": {
        "bulma-modal-fx": "^1.1.1"
      }
    },
    "node_modules/bulma-modal-fx": {
      "version": "1.1.1",
      "resolved": "https://registry.npmjs.org/bulma-modal-fx/-/bulma-modal-fx-1.1.1.tgz",
      "integrity": "sha512-Ma1e/uczogPd0MzpeOsYJau1ocavO2wlnGg1ZVg+/mrsKyeasrdtyfbOH1kRdzqCH9DMrZAw7WEW0Oa3lKr6Fw=="
    }
  },
  "dependencies": {
    "bulma-modal-fx": {
      "version": "1.1.1",
      "resolved": "https://registry.npmjs.org/bulma-modal-fx/-/bulma-modal-fx-1.1.1.tgz",
      "integrity": "sha512-Ma1e/uczogPd0MzpeOsYJau1ocavO2wlnGg1ZVg+/mrsKyeasrdtyfbOH1kRdzqCH9DMrZAw7WEW0Oa3lKr6Fw=="
    }
  }
}
